
Microsoft Visual Studio Solution File, Format Version 12.00
# Visual Studio Version 17
VisualStudioVersion = 17.2.32616.157
MinimumVisualStudioVersion = 10.0.40219.1
Project("{FAE04EC0-301F-11D3-BF4B-00C04F79EFBC}") = "Student_Management_System", "Student_Management_System\Student_Management_System.csproj", "{B7AF2341-282A-4597-BE6F-D9CAB3E66E1C}"
EndProject
Global
	GlobalSection(SolutionConfigurationPlatforms) = preSolution
		Debug|Any CPU = Debug|Any CPU
		Release|Any CPU = Release|Any CPU
	EndGlobalSection
	GlobalSection(ProjectConfigurationPlatforms) = postSolution
		{B7AF2341-282A-4597-BE6F-D9CAB3E66E1C}.Debug|Any CPU.ActiveCfg = Debug|Any CPU
		{B7AF2341-282A-4597-BE6F-D9CAB3E66E1C}.Debug|Any CPU.Build.0 = Debug|Any CPU
		{B7AF2341-282A-4597-BE6F-D9CAB3E66E1C}.Release|Any CPU.ActiveCfg = Release|Any CPU
		{B7AF2341-282A-4597-BE6F-D9CAB3E66E1C}.Release|Any CPU.Build.0 = Release|Any CPU
	EndGlobalSection
	GlobalSection(SolutionProperties) = preSolution
		HideSolutionNode = FALSE
	EndGlobalSection
	GlobalSection(ExtensibilityGlobals) = postSolution
		SolutionGuid = {87FE3640-47C0-415C-BB18-9F08C3CDD3F3}
	EndGlobalSection
EndGlobal
